{
	"name": "ui-router.js",
	"version": "1.0.0",
	"lockfileVersion": 1,
	"requires": true,
	"dependencies": {
		"@uirouter/core": {
			"version": "5.0.3",
			"resolved": "https://registry.npmjs.org/@uirouter/core/-/core-5.0.3.tgz",
			"integrity": "sha1-4rWx5FGQ4gxnuk4VwBPeXU4MyrM="
		},
		"angular": {
			"version": "1.6.10",
			"resolved": "https://registry.npmjs.org/angular/-/angular-1.6.10.tgz",
			"integrity": "sha512-PCZ5/hVdvPQiYyH0VwsPjrErPHRcITnaXxhksceOXgtJeesKHLA7KDu4X/yvcAi+1zdGgGF+9pDxkJvghXI9Wg=="
		},
		"angular-ui-router": {
			"version": "1.0.3",
			"resolved": "https://registry.npmjs.org/angular-ui-router/-/angular-ui-router-1.0.3.tgz",
			"integrity": "sha1-vySUyq6Vw3zwGvN2HYl0fP7S20U=",
			"requires": {
				"@uirouter/core": "5.0.3"
			}
		}
	}
}
